// !$*UTF8*$!
{
	archiveVersion = 1;
	classes = {
	};
	objectVersion = 50;
	objects = {

/* Begin PBXBuildFile section */
		8A70118523561AD9006C956F /* AppDelegate.swift in Sources */ = {isa = PBXBuildFile; fileRef = 8A70118423561AD9006C956F /* AppDelegate.swift */; };
		8A70118723561AD9006C956F /* SceneDelegate.swift in Sources */ = {isa = PBXBuildFile; fileRef = 8A70118623561AD9006C956F /* SceneDelegate.swift */; };
		8A70118A23561AD9006C956F /* Dynamic_Predicate_CoreData.xcdatamodeld in Sources */ = {isa = PBXBuildFile; fileRef = 8A70118823561AD9006C956F /* Dynamic_Predicate_CoreData.xcdatamodeld */; };
		8A70118C23561AD9006C956F /* ContentView.swift in Sources */ = {isa = PBXBuildFile; fileRef = 8A70118B23561AD9006C956F /* ContentView.swift */; };
		8A70118E23561ADB006C956F /* Assets.xcassets in Resources */ = {isa = PBXBuildFile; fileRef = 8A70118D23561ADB006C956F /* Assets.xcassets */; };
		8A70119123561ADB006C956F /* Preview Assets.xcassets in Resources */ = {isa = PBXBuildFile; fileRef = 8A70119023561ADB006C956F /* Preview Assets.xcassets */; };
		8A70119423561ADB006C956F /* LaunchScreen.storyboard in Resources */ = {isa = PBXBuildFile; fileRef = 8A70119223561ADB006C956F /* LaunchScreen.storyboard */; };
		8A70119D23561AFB006C956F /* CoreDataManager.swift in Sources */ = {isa = PBXBuildFile; fileRef = 8A70119C23561AFB006C956F /* CoreDataManager.swift */; };
		8A7011A023561B2F006C956F /* AddPerson.swift in Sources */ = {isa = PBXBuildFile; fileRef = 8A70119F23561B2F006C956F /* AddPerson.swift */; };
		8A7011A223561B3A006C956F /* PersonDetail.swift in Sources */ = {isa = PBXBuildFile; fileRef = 8A7011A123561B3A006C956F /* PersonDetail.swift */; };
		8A7011A423561B60006C956F /* PersonRow.swift in Sources */ = {isa = PBXBuildFile; fileRef = 8A7011A323561B60006C956F /* PersonRow.swift */; };
		8A7011A623561E18006C956F /* CoreData+Extension.swift in Sources */ = {isa = PBXBuildFile; fileRef = 8A7011A523561E18006C956F /* CoreData+Extension.swift */; };
		8A7011A8235623C8006C956F /* ListStaticPredicate.swift in Sources */ = {isa = PBXBuildFile; fileRef = 8A7011A7235623C8006C956F /* ListStaticPredicate.swift */; };
		8A7011AA235623D5006C956F /* ListDynamicPredicate.swift in Sources */ = {isa = PBXBuildFile; fileRef = 8A7011A9235623D5006C956F /* ListDynamicPredicate.swift */; };
		8A7011AE23562E23006C956F /* ButtonsPredicateChange.swift in Sources */ = {isa = PBXBuildFile; fileRef = 8A7011AD23562E23006C956F /* ButtonsPredicateChange.swift */; };
/* End PBXBuildFile section */

/* Begin PBXFileReference section */
		8A70118123561AD9006C956F /* Dynamic Predicate CoreData.app */ = {isa = PBXFileReference; explicitFileType = wrapper.application; includeInIndex = 0; path = "Dynamic Predicate CoreData.app"; sourceTree = BUILT_PRODUCTS_DIR; };
		8A70118423561AD9006C956F /* AppDelegate.swift */ = {isa = PBXFileReference; lastKnownFileType = sourcecode.swift; path = AppDelegate.swift; sourceTree = "<group>"; };
		8A70118623561AD9006C956F /* SceneDelegate.swift */ = {isa = PBXFileReference; lastKnownFileType = sourcecode.swift; path = SceneDelegate.swift; sourceTree = "<group>"; };
		8A70118923561AD9006C956F /* Dynamic_Predicate_CoreData.xcdatamodel */ = {isa = PBXFileReference; lastKnownFileType = wrapper.xcdatamodel; path = Dynamic_Predicate_CoreData.xcdatamodel; sourceTree = "<group>"; };
		8A70118B23561AD9006C956F /* ContentView.swift */ = {isa = PBXFileReference; lastKnownFileType = sourcecode.swift; path = ContentView.swift; sourceTree = "<group>"; };
		8A70118D23561ADB006C956F /* Assets.xcassets */ = {isa = PBXFileReference; lastKnownFileType = folder.assetcatalog; path = Assets.xcassets; sourceTree = "<group>"; };
		8A70119023561ADB006C956F /* Preview Assets.xcassets */ = {isa = PBXFileReference; lastKnownFileType = folder.assetcatalog; path = "Preview Assets.xcassets"; sourceTree = "<group>"; };
		8A70119323561ADB006C956F /* Base */ = {isa = PBXFileReference; lastKnownFileType = file.storyboard; name = Base; path = Base.lproj/LaunchScreen.storyboard; sourceTree = "<group>"; };
		8A70119523561ADB006C956F /* Info.plist */ = {isa = PBXFileReference; lastKnownFileType = text.plist.xml; path = Info.plist; sourceTree = "<group>"; };
		8A70119C23561AFB006C956F /* CoreDataManager.swift */ = {isa = PBXFileReference; lastKnownFileType = sourcecode.swift; path = CoreDataManager.swift; sourceTree = "<group>"; };
		8A70119F23561B2F006C956F /* AddPerson.swift */ = {isa = PBXFileReference; lastKnownFileType = sourcecode.swift; path = AddPerson.swift; sourceTree = "<group>"; };
		8A7011A123561B3A006C956F /* PersonDetail.swift */ = {isa = PBXFileReference; lastKnownFileType = sourcecode.swift; path = PersonDetail.swift; sourceTree = "<group>"; };
		8A7011A323561B60006C956F /* PersonRow.swift */ = {isa = PBXFileReference; lastKnownFileType = sourcecode.swift; path = PersonRow.swift; sourceTree = "<group>"; };
		8A7011A523561E18006C956F /* CoreData+Extension.swift */ = {isa = PBXFileReference; lastKnownFileType = sourcecode.swift; path = "CoreData+Extension.swift"; sourceTree = "<group>"; };
		8A7011A7235623C8006C956F /* ListStaticPredicate.swift */ = {isa = PBXFileReference; lastKnownFileType = sourcecode.swift; path = ListStaticPredicate.swift; sourceTree = "<group>"; };
		8A7011A9235623D5006C956F /* ListDynamicPredicate.swift */ = {isa = PBXFileReference; lastKnownFileType = sourcecode.swift; path = ListDynamicPredicate.swift; sourceTree = "<group>"; };
		8A7011AD23562E23006C956F /* ButtonsPredicateChange.swift */ = {isa = PBXFileReference; lastKnownFileType = sourcecode.swift; path = ButtonsPredicateChange.swift; sourceTree = "<group>"; };
/* End PBXFileReference section */

/* Begin PBXFrameworksBuildPhase section */
		8A70117E23561AD9006C956F /* Frameworks */ = {
			isa = PBXFrameworksBuildPhase;
			buildActionMask = 2147483647;
			files = (
			);
			runOnlyForDeploymentPostprocessing = 0;
		};
/* End PBXFrameworksBuildPhase section */

/* Begin PBXGroup section */
		8A70117823561AD9006C956F = {
			isa = PBXGroup;
			children = (
				8A70118323561AD9006C956F /* Dynamic Predicate CoreData */,
				8A70118223561AD9006C956F /* Products */,
			);
			sourceTree = "<group>";
		};
		8A70118223561AD9006C956F /* Products */ = {
			isa = PBXGroup;
			children = (
				8A70118123561AD9006C956F /* Dynamic Predicate CoreData.app */,
			);
			name = Products;
			sourceTree = "<group>";
		};
		8A70118323561AD9006C956F /* Dynamic Predicate CoreData */ = {
			isa = PBXGroup;
			children = (
				8A70119B23561AE6006C956F /* CoreData */,
				8A70119E23561B15006C956F /* Views */,
				8A70118423561AD9006C956F /* AppDelegate.swift */,
				8A70118623561AD9006C956F /* SceneDelegate.swift */,
				8A70118D23561ADB006C956F /* Assets.xcassets */,
				8A70119223561ADB006C956F /* LaunchScreen.storyboard */,
				8A70119523561ADB006C956F /* Info.plist */,
				8A70118F23561ADB006C956F /* Preview Content */,
			);
			path = "Dynamic Predicate CoreData";
			sourceTree = "<group>";
		};
		8A70118F23561ADB006C956F /* Preview Content */ = {
			isa = PBXGroup;
			children = (
				8A70119023561ADB006C956F /* Preview Assets.xcassets */,
			);
			path = "Preview Content";
			sourceTree = "<group>";
		};
		8A70119B23561AE6006C956F /* CoreData */ = {
			isa = PBXGroup;
			children = (
				8A70118823561AD9006C956F /* Dynamic_Predicate_CoreData.xcdatamodeld */,
				8A70119C23561AFB006C956F /* CoreDataManager.swift */,
				8A7011A523561E18006C956F /* CoreData+Extension.swift */,
			);
			path = CoreData;
			sourceTree = "<group>";
		};
		8A70119E23561B15006C956F /* Views */ = {
			isa = PBXGroup;
			children = (
				8A70118B23561AD9006C956F /* ContentView.swift */,
				8A7011A7235623C8006C956F /* ListStaticPredicate.swift */,
				8A7011A9235623D5006C956F /* ListDynamicPredicate.swift */,
				8A7011A323561B60006C956F /* PersonRow.swift */,
				8A7011AD23562E23006C956F /* ButtonsPredicateChange.swift */,
				8A7011AB23562406006C956F /* ModalViews */,
			);
			path = Views;
			sourceTree = "<group>";
		};
		8A7011AB23562406006C956F /* ModalViews */ = {
			isa = PBXGroup;
			children = (
				8A70119F23561B2F006C956F /* AddPerson.swift */,
				8A7011A123561B3A006C956F /* PersonDetail.swift */,
			);
			path = ModalViews;
			sourceTree = "<group>";
		};
/* End PBXGroup section */

/* Begin PBXNativeTarget section */
		8A70118023561AD9006C956F /* Dynamic Predicate CoreData */ = {
			isa = PBXNativeTarget;
			buildConfigurationList = 8A70119823561ADB006C956F /* Build configuration list for PBXNativeTarget "Dynamic Predicate CoreData" */;
			buildPhases = (
				8A70117D23561AD9006C956F /* Sources */,
				8A70117E23561AD9006C956F /* Frameworks */,
				8A70117F23561AD9006C956F /* Resources */,
			);
			buildRules = (
			);
			dependencies = (
			);
			name = "Dynamic Predicate CoreData";
			productName = "Dynamic Predicate CoreData";
			productReference = 8A70118123561AD9006C956F /* Dynamic Predicate CoreData.app */;
			productType = "com.apple.product-type.application";
		};
/* End PBXNativeTarget section */

/* Begin PBXProject section */
		8A70117923561AD9006C956F /* Project object */ = {
			isa = PBXProject;
			attributes = {
				LastSwiftUpdateCheck = 1110;
				LastUpgradeCheck = 1110;
				ORGANIZATIONNAME = "Heiner Gerdes";
				TargetAttributes = {
					8A70118023561AD9006C956F = {
						CreatedOnToolsVersion = 11.1;
					};
				};
			};
			buildConfigurationList = 8A70117C23561AD9006C956F /* Build configuration list for PBXProject "Dynamic Predicate CoreData" */;
			compatibilityVersion = "Xcode 9.3";
			developmentRegion = en;
			hasScannedForEncodings = 0;
			knownRegions = (
				en,
				Base,
			);
			mainGroup = 8A70117823561AD9006C956F;
			productRefGroup = 8A70118223561AD9006C956F /* Products */;
			projectDirPath = "";
			projectRoot = "";
			targets = (
				8A70118023561AD9006C956F /* Dynamic Predicate CoreData */,
			);
		};
/* End PBXProject section */

/* Begin PBXResourcesBuildPhase section */
		8A70117F23561AD9006C956F /* Resources */ = {
			isa = PBXResourcesBuildPhase;
			buildActionMask = 2147483647;
			files = (
				8A70119423561ADB006C956F /* LaunchScreen.storyboard in Resources */,
				8A70119123561ADB006C956F /* Preview Assets.xcassets in Resources */,
				8A70118E23561ADB006C956F /* Assets.xcassets in Resources */,
			);
			runOnlyForDeploymentPostprocessing = 0;
		};
/* End PBXResourcesBuildPhase section */

/* Begin PBXSourcesBuildPhase section */
		8A70117D23561AD9006C956F /* Sources */ = {
			isa = PBXSourcesBuildPhase;
			buildActionMask = 2147483647;
			files = (
				8A70118523561AD9006C956F /* AppDelegate.swift in Sources */,
				8A7011A423561B60006C956F /* PersonRow.swift in Sources */,
				8A7011A223561B3A006C956F /* PersonDetail.swift in Sources */,
				8A7011A8235623C8006C956F /* ListStaticPredicate.swift in Sources */,
				8A7011AA235623D5006C956F /* ListDynamicPredicate.swift in Sources */,
				8A70118A23561AD9006C956F /* Dynamic_Predicate_CoreData.xcdatamodeld in Sources */,
				8A7011A023561B2F006C956F /* AddPerson.swift in Sources */,
				8A70118C23561AD9006C956F /* ContentView.swift in Sources */,
				8A70119D23561AFB006C956F /* CoreDataManager.swift in Sources */,
				8A7011AE23562E23006C956F /* ButtonsPredicateChange.swift in Sources */,
				8A70118723561AD9006C956F /* SceneDelegate.swift in Sources */,
				8A7011A623561E18006C956F /* CoreData+Extension.swift in Sources */,
			);
			runOnlyForDeploymentPostprocessing = 0;
		};
/* End PBXSourcesBuildPhase section */

/* Begin PBXVariantGroup section */
		8A70119223561ADB006C956F /* LaunchScreen.storyboard */ = {
			isa = PBXVariantGroup;
			children = (
				8A70119323561ADB006C956F /* Base */,
			);
			name = LaunchScreen.storyboard;
			sourceTree = "<group>";
		};
/* End PBXVariantGroup section */

/* Begin XCBuildConfiguration section */
		8A70119623561ADB006C956F /* Debug */ = {
			isa = XCBuildConfiguration;
			buildSettings = {
				ALWAYS_SEARCH_USER_PATHS = NO;
				CLANG_ANALYZER_NONNULL = YES;
				CLANG_ANALYZER_NUMBER_OBJECT_CONVERSION = YES_AGGRESSIVE;
				CLANG_CXX_LANGUAGE_STANDARD = "gnu++14";
				CLANG_CXX_LIBRARY = "libc++";
				CLANG_ENABLE_MODULES = YES;
				CLANG_ENABLE_OBJC_ARC = YES;
				CLANG_ENABLE_OBJC_WEAK = YES;
				CLANG_WARN_BLOCK_CAPTURE_AUTORELEASING = YES;
				CLANG_WARN_BOOL_CONVERSION = YES;
				CLANG_WARN_COMMA = YES;
				CLANG_WARN_CONSTANT_CONVERSION = YES;
				CLANG_WARN_DEPRECATED_OBJC_IMPLEMENTATIONS = YES;
				CLANG_WARN_DIRECT_OBJC_ISA_USAGE = YES_ERROR;
				CLANG_WARN_DOCUMENTATION_COMMENTS = YES;
				CLANG_WARN_EMPTY_BODY = YES;
				CLANG_WARN_ENUM_CONVERSION = YES;
				CLANG_WARN_INFINITE_RECURSION = YES;
				CLANG_WARN_INT_CONVERSION = YES;
				CLANG_WARN_NON_LITERAL_NULL_CONVERSION = YES;
				CLANG_WARN_OBJC_IMPLICIT_RETAIN_SELF = YES;
				CLANG_WARN_OBJC_LITERAL_CONVERSION = YES;
				CLANG_WARN_OBJC_ROOT_CLASS = YES_ERROR;
				CLANG_WARN_RANGE_LOOP_ANALYSIS = YES;
				CLANG_WARN_STRICT_PROTOTYPES = YES;
				CLANG_WARN_SUSPICIOUS_MOVE = YES;
				CLANG_WARN_UNGUARDED_AVAILABILITY = YES_AGGRESSIVE;
				CLANG_WARN_UNREACHABLE_CODE = YES;
				CLANG_WARN__DUPLICATE_METHOD_MATCH = YES;
				COPY_PHASE_STRIP = NO;
				DEBUG_INFORMATION_FORMAT = dwarf;
				ENABLE_STRICT_OBJC_MSGSEND = YES;
				ENABLE_TESTABILITY = YES;
				GCC_C_LANGUAGE_STANDARD = gnu11;
				GCC_DYNAMIC_NO_PIC = NO;
				GCC_NO_COMMON_BLOCKS = YES;
				GCC_OPTIMIZATION_LEVEL = 0;
				GCC_PREPROCESSOR_DEFINITIONS = (
					"DEBUG=1",
					"$(inherited)",
				);
				GCC_WARN_64_TO_32_BIT_CONVERSION = YES;
				GCC_WARN_ABOUT_RETURN_TYPE = YES_ERROR;
				GCC_WARN_UNDECLARED_SELECTOR = YES;
				GCC_WARN_UNINITIALIZED_AUTOS = YES_AGGRESSIVE;
				GCC_WARN_UNUSED_FUNCTION = YES;
				GCC_WARN_UNUSED_VARIABLE = YES;
				IPHONEOS_DEPLOYMENT_TARGET = 13.1;
				MTL_ENABLE_DEBUG_INFO = INCLUDE_SOURCE;
				MTL_FAST_MATH = YES;
				ONLY_ACTIVE_ARCH = YES;
				SDKROOT = iphoneos;
				SWIFT_ACTIVE_COMPILATION_CONDITIONS = DEBUG;
				SWIFT_OPTIMIZATION_LEVEL = "-Onone";
			};
			name = Debug;
		};
		8A70119723561ADB006C956F /* Release */ = {
			isa = XCBuildConfiguration;
			buildSettings = {
				ALWAYS_SEARCH_USER_PATHS = NO;
				CLANG_ANALYZER_NONNULL = YES;
				CLANG_ANALYZER_NUMBER_OBJECT_CONVERSION = YES_AGGRESSIVE;
				CLANG_CXX_LANGUAGE_STANDARD = "gnu++14";
				CLANG_CXX_LIBRARY = "libc++";
				CLANG_ENABLE_MODULES = YES;
				CLANG_ENABLE_OBJC_ARC = YES;
				CLANG_ENABLE_OBJC_WEAK = YES;
				CLANG_WARN_BLOCK_CAPTURE_AUTORELEASING = YES;
				CLANG_WARN_BOOL_CONVERSION = YES;
				CLANG_WARN_COMMA = YES;
				CLANG_WARN_CONSTANT_CONVERSION = YES;
				CLANG_WARN_DEPRECATED_OBJC_IMPLEMENTATIONS = YES;
				CLANG_WARN_DIRECT_OBJC_ISA_USAGE = YES_ERROR;
				CLANG_WARN_DOCUMENTATION_COMMENTS = YES;
				CLANG_WARN_EMPTY_BODY = YES;
				CLANG_WARN_ENUM_CONVERSION = YES;
				CLANG_WARN_INFINITE_RECURSION = YES;
				CLANG_WARN_INT_CONVERSION = YES;
				CLANG_WARN_NON_LITERAL_NULL_CONVERSION = YES;
				CLANG_WARN_OBJC_IMPLICIT_RETAIN_SELF = YES;
				CLANG_WARN_OBJC_LITERAL_CONVERSION = YES;
				CLANG_WARN_OBJC_ROOT_CLASS = YES_ERROR;
				CLANG_WARN_RANGE_LOOP_ANALYSIS = YES;
				CLANG_WARN_STRICT_PROTOTYPES = YES;
				CLANG_WARN_SUSPICIOUS_MOVE = YES;
				CLANG_WARN_UNGUARDED_AVAILABILITY = YES_AGGRESSIVE;
				CLANG_WARN_UNREACHABLE_CODE = YES;
				CLANG_WARN__DUPLICATE_METHOD_MATCH = YES;
				COPY_PHASE_STRIP = NO;
				DEBUG_INFORMATION_FORMAT = "dwarf-with-dsym";
				ENABLE_NS_ASSERTIONS = NO;
				ENABLE_STRICT_OBJC_MSGSEND = YES;
				GCC_C_LANGUAGE_STANDARD = gnu11;
				GCC_NO_COMMON_BLOCKS = YES;
				GCC_WARN_64_TO_32_BIT_CONVERSION = YES;
				GCC_WARN_ABOUT_RETURN_TYPE = YES_ERROR;
				GCC_WARN_UNDECLARED_SELECTOR = YES;
				GCC_WARN_UNINITIALIZED_AUTOS = YES_AGGRESSIVE;
				GCC_WARN_UNUSED_FUNCTION = YES;
				GCC_WARN_UNUSED_VARIABLE = YES;
				IPHONEOS_DEPLOYMENT_TARGET = 13.1;
				MTL_ENABLE_DEBUG_INFO = NO;
				MTL_FAST_MATH = YES;
				SDKROOT = iphoneos;
				SWIFT_COMPILATION_MODE = wholemodule;
				SWIFT_OPTIMIZATION_LEVEL = "-O";
				VALIDATE_PRODUCT = YES;
			};
			name = Release;
		};
		8A70119923561ADB006C956F /* Debug */ = {
			isa = XCBuildConfiguration;
			buildSettings = {
				ASSETCATALOG_COMPILER_APPICON_NAME = AppIcon;
				CODE_SIGN_STYLE = Automatic;
				CURRENT_PROJECT_VERSION = 5;
				DEVELOPMENT_ASSET_PATHS = "\"Dynamic Predicate CoreData/Preview Content\"";
				DEVELOPMENT_TEAM = 62GJNTNB5W;
				ENABLE_PREVIEWS = YES;
				INFOPLIST_FILE = "Dynamic Predicate CoreData/Info.plist";
				LD_RUNPATH_SEARCH_PATHS = (
					"$(inherited)",
					"@executable_path/Frameworks",
				);
				PRODUCT_BUNDLE_IDENTIFIER = "com.hege.Dynamic-Predicate-CoreData";
				PRODUCT_NAME = "$(TARGET_NAME)";
				SWIFT_VERSION = 5.0;
				TARGETED_DEVICE_FAMILY = "1,2";
			};
			name = Debug;
		};
		8A70119A23561ADB006C956F /* Release */ = {
			isa = XCBuildConfiguration;
			buildSettings = {
				ASSETCATALOG_COMPILER_APPICON_NAME = AppIcon;
				CODE_SIGN_STYLE = Automatic;
				CURRENT_PROJECT_VERSION = 5;
				DEVELOPMENT_ASSET_PATHS = "\"Dynamic Predicate CoreData/Preview Content\"";
				DEVELOPMENT_TEAM = 62GJNTNB5W;
				ENABLE_PREVIEWS = YES;
				INFOPLIST_FILE = "Dynamic Predicate CoreData/Info.plist";
				LD_RUNPATH_SEARCH_PATHS = (
					"$(inherited)",
					"@executable_path/Frameworks",
				);
				PRODUCT_BUNDLE_IDENTIFIER = "com.hege.Dynamic-Predicate-CoreData";
				PRODUCT_NAME = "$(TARGET_NAME)";
				SWIFT_VERSION = 5.0;
				TARGETED_DEVICE_FAMILY = "1,2";
			};
			name = Release;
		};
/* End XCBuildConfiguration section */

/* Begin XCConfigurationList section */
		8A70117C23561AD9006C956F /* Build configuration list for PBXProject "Dynamic Predicate CoreData" */ = {
			isa = XCConfigurationList;
			buildConfigurations = (
				8A70119623561ADB006C956F /* Debug */,
				8A70119723561ADB006C956F /* Release */,
			);
			defaultConfigurationIsVisible = 0;
			defaultConfigurationName = Release;
		};
		8A70119823561ADB006C956F /* Build configuration list for PBXNativeTarget "Dynamic Predicate CoreData" */ = {
			isa = XCConfigurationList;
			buildConfigurations = (
				8A70119923561ADB006C956F /* Debug */,
				8A70119A23561ADB006C956F /* Release */,
			);
			defaultConfigurationIsVisible = 0;
			defaultConfigurationName = Release;
		};
/* End XCConfigurationList section */

/* Begin XCVersionGroup section */
		8A70118823561AD9006C956F /* Dynamic_Predicate_CoreData.xcdatamodeld */ = {
			isa = XCVersionGroup;
			children = (
				8A70118923561AD9006C956F /* Dynamic_Predicate_CoreData.xcdatamodel */,
			);
			currentVersion = 8A70118923561AD9006C956F /* Dynamic_Predicate_CoreData.xcdatamodel */;
			path = Dynamic_Predicate_CoreData.xcdatamodeld;
			sourceTree = "<group>";
			versionGroupType = wrapper.xcdatamodel;
		};
/* End XCVersionGroup section */
	};
	rootObject = 8A70117923561AD9006C956F /* Project object */;
}
